// !$*UTF8*$!
{
	archiveVersion = 1;
	classes = {
	};
	objectVersion = 55;
	objects = {

/* Begin PBXBuildFile section */
		602DA3E11CC4AB05C4DB2937 /* Pods_CreditCardList.framework in Frameworks */ = {isa = PBXBuildFile; fileRef = 49F677416509716AE7818697 /* Pods_CreditCardList.framework */; };
		B85FA6102829543400DF80B5 /* GoogleService-Info.plist in Resources */ = {isa = PBXBuildFile; fileRef = B85FA60F2829543400DF80B5 /* GoogleService-Info.plist */; };
		B87DE198282A961000F3E083 /* CreditCardDummy.swift in Sources */ = {isa = PBXBuildFile; fileRef = B87DE197282A961000F3E083 /* CreditCardDummy.swift */; };
		B8C0A0C2282687C90071BA0D /* AppDelegate.swift in Sources */ = {isa = PBXBuildFile; fileRef = B8C0A0C1282687C90071BA0D /* AppDelegate.swift */; };
		B8C0A0C4282687C90071BA0D /* SceneDelegate.swift in Sources */ = {isa = PBXBuildFile; fileRef = B8C0A0C3282687C90071BA0D /* SceneDelegate.swift */; };
		B8C0A0C9282687C90071BA0D /* Main.storyboard in Resources */ = {isa = PBXBuildFile; fileRef = B8C0A0C7282687C90071BA0D /* Main.storyboard */; };
		B8C0A0CB282687CB0071BA0D /* Assets.xcassets in Resources */ = {isa = PBXBuildFile; fileRef = B8C0A0CA282687CB0071BA0D /* Assets.xcassets */; };
		B8C0A0CE282687CB0071BA0D /* LaunchScreen.storyboard in Resources */ = {isa = PBXBuildFile; fileRef = B8C0A0CC282687CB0071BA0D /* LaunchScreen.storyboard */; };
		B8C0A0D6282687DF0071BA0D /* CardListViewController.swift in Sources */ = {isa = PBXBuildFile; fileRef = B8C0A0D5282687DF0071BA0D /* CardListViewController.swift */; };
		B8C0A0D82826AFB70071BA0D /* CreditCard.swift in Sources */ = {isa = PBXBuildFile; fileRef = B8C0A0D72826AFB70071BA0D /* CreditCard.swift */; };
		B8C0A0DF2826B0BC0071BA0D /* CardListCell.swift in Sources */ = {isa = PBXBuildFile; fileRef = B8C0A0DD2826B0BC0071BA0D /* CardListCell.swift */; };
		B8C0A0E02826B0BC0071BA0D /* CardListCell.xib in Resources */ = {isa = PBXBuildFile; fileRef = B8C0A0DE2826B0BC0071BA0D /* CardListCell.xib */; };
		B8C0A0E22826BBB30071BA0D /* CardDetailViewController.swift in Sources */ = {isa = PBXBuildFile; fileRef = B8C0A0E12826BBB30071BA0D /* CardDetailViewController.swift */; };
		B8C0A0E42826BF9F0071BA0D /* money.json in Resources */ = {isa = PBXBuildFile; fileRef = B8C0A0E32826BF9F0071BA0D /* money.json */; };
/* End PBXBuildFile section */

/* Begin PBXFileReference section */
		07A791A4DD134B880142312D /* Pods-CreditCardList.release.xcconfig */ = {isa = PBXFileReference; includeInIndex = 1; lastKnownFileType = text.xcconfig; name = "Pods-CreditCardList.release.xcconfig"; path = "Target Support Files/Pods-CreditCardList/Pods-CreditCardList.release.xcconfig"; sourceTree = "<group>"; };
		49F677416509716AE7818697 /* Pods_CreditCardList.framework */ = {isa = PBXFileReference; explicitFileType = wrapper.framework; includeInIndex = 0; path = Pods_CreditCardList.framework; sourceTree = BUILT_PRODUCTS_DIR; };
		B85FA60F2829543400DF80B5 /* GoogleService-Info.plist */ = {isa = PBXFileReference; fileEncoding = 4; lastKnownFileType = text.plist.xml; name = "GoogleService-Info.plist"; path = "../../../../Downloads/GoogleService-Info.plist"; sourceTree = "<group>"; };
		B87DE197282A961000F3E083 /* CreditCardDummy.swift */ = {isa = PBXFileReference; fileEncoding = 4; lastKnownFileType = sourcecode.swift; name = CreditCardDummy.swift; path = "../../../../Downloads/Part 3/Ch2_CreditCardList/CreditCardDummy.swift"; sourceTree = "<group>"; };
		B8C0A0BE282687C90071BA0D /* CreditCardList.app */ = {isa = PBXFileReference; explicitFileType = wrapper.application; includeInIndex = 0; path = CreditCardList.app; sourceTree = BUILT_PRODUCTS_DIR; };
		B8C0A0C1282687C90071BA0D /* AppDelegate.swift */ = {isa = PBXFileReference; lastKnownFileType = sourcecode.swift; path = AppDelegate.swift; sourceTree = "<group>"; };
		B8C0A0C3282687C90071BA0D /* SceneDelegate.swift */ = {isa = PBXFileReference; lastKnownFileType = sourcecode.swift; path = SceneDelegate.swift; sourceTree = "<group>"; };
		B8C0A0C8282687C90071BA0D /* Base */ = {isa = PBXFileReference; lastKnownFileType = file.storyboard; name = Base; path = Base.lproj/Main.storyboard; sourceTree = "<group>"; };
		B8C0A0CA282687CB0071BA0D /* Assets.xcassets */ = {isa = PBXFileReference; lastKnownFileType = folder.assetcatalog; path = Assets.xcassets; sourceTree = "<group>"; };
		B8C0A0CD282687CB0071BA0D /* Base */ = {isa = PBXFileReference; lastKnownFileType = file.storyboard; name = Base; path = Base.lproj/LaunchScreen.storyboard; sourceTree = "<group>"; };
		B8C0A0CF282687CB0071BA0D /* Info.plist */ = {isa = PBXFileReference; lastKnownFileType = text.plist.xml; path = Info.plist; sourceTree = "<group>"; };
		B8C0A0D5282687DF0071BA0D /* CardListViewController.swift */ = {isa = PBXFileReference; lastKnownFileType = sourcecode.swift; path = CardListViewController.swift; sourceTree = "<group>"; };
		B8C0A0D72826AFB70071BA0D /* CreditCard.swift */ = {isa = PBXFileReference; lastKnownFileType = sourcecode.swift; path = CreditCard.swift; sourceTree = "<group>"; };
		B8C0A0DD2826B0BC0071BA0D /* CardListCell.swift */ = {isa = PBXFileReference; lastKnownFileType = sourcecode.swift; path = CardListCell.swift; sourceTree = "<group>"; };
		B8C0A0DE2826B0BC0071BA0D /* CardListCell.xib */ = {isa = PBXFileReference; lastKnownFileType = file.xib; path = CardListCell.xib; sourceTree = "<group>"; };
		B8C0A0E12826BBB30071BA0D /* CardDetailViewController.swift */ = {isa = PBXFileReference; lastKnownFileType = sourcecode.swift; path = CardDetailViewController.swift; sourceTree = "<group>"; };
		B8C0A0E32826BF9F0071BA0D /* money.json */ = {isa = PBXFileReference; fileEncoding = 4; lastKnownFileType = text.json; name = money.json; path = "../../../../Downloads/Part 3/Ch2_CreditCardList/money.json"; sourceTree = "<group>"; };
		C3518F99AE29964A5F509D4F /* Pods-CreditCardList.debug.xcconfig */ = {isa = PBXFileReference; includeInIndex = 1; lastKnownFileType = text.xcconfig; name = "Pods-CreditCardList.debug.xcconfig"; path = "Target Support Files/Pods-CreditCardList/Pods-CreditCardList.debug.xcconfig"; sourceTree = "<group>"; };
/* End PBXFileReference section */

/* Begin PBXFrameworksBuildPhase section */
		B8C0A0BB282687C90071BA0D /* Frameworks */ = {
			isa = PBXFrameworksBuildPhase;
			buildActionMask = 2147483647;
			files = (
				602DA3E11CC4AB05C4DB2937 /* Pods_CreditCardList.framework in Frameworks */,
			);
			runOnlyForDeploymentPostprocessing = 0;
		};
/* End PBXFrameworksBuildPhase section */

/* Begin PBXGroup section */
		B8C0A0B5282687C90071BA0D = {
			isa = PBXGroup;
			children = (
				B8C0A0C0282687C90071BA0D /* CreditCardList */,
				B8C0A0BF282687C90071BA0D /* Products */,
				C48653F8C05AE8660877B7BE /* Pods */,
				D560C3C537FAEF4601953D25 /* Frameworks */,
			);
			sourceTree = "<group>";
		};
		B8C0A0BF282687C90071BA0D /* Products */ = {
			isa = PBXGroup;
			children = (
				B8C0A0BE282687C90071BA0D /* CreditCardList.app */,
			);
			name = Products;
			sourceTree = "<group>";
		};
		B8C0A0C0282687C90071BA0D /* CreditCardList */ = {
			isa = PBXGroup;
			children = (
				B8C0A0E32826BF9F0071BA0D /* money.json */,
				B8C0A0C1282687C90071BA0D /* AppDelegate.swift */,
				B8C0A0C3282687C90071BA0D /* SceneDelegate.swift */,
				B8C0A0C7282687C90071BA0D /* Main.storyboard */,
				B8C0A0D5282687DF0071BA0D /* CardListViewController.swift */,
				B8C0A0E12826BBB30071BA0D /* CardDetailViewController.swift */,
				B8C0A0DD2826B0BC0071BA0D /* CardListCell.swift */,
				B87DE197282A961000F3E083 /* CreditCardDummy.swift */,
				B8C0A0DE2826B0BC0071BA0D /* CardListCell.xib */,
				B8C0A0CA282687CB0071BA0D /* Assets.xcassets */,
				B8C0A0CC282687CB0071BA0D /* LaunchScreen.storyboard */,
				B8C0A0CF282687CB0071BA0D /* Info.plist */,
				B8C0A0D72826AFB70071BA0D /* CreditCard.swift */,
				B85FA60F2829543400DF80B5 /* GoogleService-Info.plist */,
			);
			path = CreditCardList;
			sourceTree = "<group>";
		};
		C48653F8C05AE8660877B7BE /* Pods */ = {
			isa = PBXGroup;
			children = (
				C3518F99AE29964A5F509D4F /* Pods-CreditCardList.debug.xcconfig */,
				07A791A4DD134B880142312D /* Pods-CreditCardList.release.xcconfig */,
			);
			path = Pods;
			sourceTree = "<group>";
		};
		D560C3C537FAEF4601953D25 /* Frameworks */ = {
			isa = PBXGroup;
			children = (
				49F677416509716AE7818697 /* Pods_CreditCardList.framework */,
			);
			name = Frameworks;
			sourceTree = "<group>";
		};
/* End PBXGroup section */

/* Begin PBXNativeTarget section */
		B8C0A0BD282687C90071BA0D /* CreditCardList */ = {
			isa = PBXNativeTarget;
			buildConfigurationList = B8C0A0D2282687CB0071BA0D /* Build configuration list for PBXNativeTarget "CreditCardList" */;
			buildPhases = (
				7AFD80EE56942880D68FB14E /* [CP] Check Pods Manifest.lock */,
				B8C0A0BA282687C90071BA0D /* Sources */,
				B8C0A0BB282687C90071BA0D /* Frameworks */,
				B8C0A0BC282687C90071BA0D /* Resources */,
				C57B27227B40DE1880EE0A18 /* [CP] Embed Pods Frameworks */,
			);
			buildRules = (
			);
			dependencies = (
			);
			name = CreditCardList;
			productName = CreditCardList;
			productReference = B8C0A0BE282687C90071BA0D /* CreditCardList.app */;
			productType = "com.apple.product-type.application";
		};
/* End PBXNativeTarget section */

/* Begin PBXProject section */
		B8C0A0B6282687C90071BA0D /* Project object */ = {
			isa = PBXProject;
			attributes = {
				BuildIndependentTargetsInParallel = 1;
				LastSwiftUpdateCheck = 1330;
				LastUpgradeCheck = 1330;
				TargetAttributes = {
					B8C0A0BD282687C90071BA0D = {
						CreatedOnToolsVersion = 13.3;
					};
				};
			};
			buildConfigurationList = B8C0A0B9282687C90071BA0D /* Build configuration list for PBXProject "CreditCardList" */;
			compatibilityVersion = "Xcode 13.0";
			developmentRegion = en;
			hasScannedForEncodings = 0;
			knownRegions = (
				en,
				Base,
			);
			mainGroup = B8C0A0B5282687C90071BA0D;
			productRefGroup = B8C0A0BF282687C90071BA0D /* Products */;
			projectDirPath = "";
			projectRoot = "";
			targets = (
				B8C0A0BD282687C90071BA0D /* CreditCardList */,
			);
		};
/* End PBXProject section */

/* Begin PBXResourcesBuildPhase section */
		B8C0A0BC282687C90071BA0D /* Resources */ = {
			isa = PBXResourcesBuildPhase;
			buildActionMask = 2147483647;
			files = (
				B8C0A0CE282687CB0071BA0D /* LaunchScreen.storyboard in Resources */,
				B8C0A0CB282687CB0071BA0D /* Assets.xcassets in Resources */,
				B8C0A0E42826BF9F0071BA0D /* money.json in Resources */,
				B8C0A0C9282687C90071BA0D /* Main.storyboard in Resources */,
				B8C0A0E02826B0BC0071BA0D /* CardListCell.xib in Resources */,
				B85FA6102829543400DF80B5 /* GoogleService-Info.plist in Resources */,
			);
			runOnlyForDeploymentPostprocessing = 0;
		};
/* End PBXResourcesBuildPhase section */

/* Begin PBXShellScriptBuildPhase section */
		7AFD80EE56942880D68FB14E /* [CP] Check Pods Manifest.lock */ = {
			isa = PBXShellScriptBuildPhase;
			buildActionMask = 2147483647;
			files = (
			);
			inputFileListPaths = (
			);
			inputPaths = (
				"${PODS_PODFILE_DIR_PATH}/Podfile.lock",
				"${PODS_ROOT}/Manifest.lock",
			);
			name = "[CP] Check Pods Manifest.lock";
			outputFileListPaths = (
			);
			outputPaths = (
				"$(DERIVED_FILE_DIR)/Pods-CreditCardList-checkManifestLockResult.txt",
			);
			runOnlyForDeploymentPostprocessing = 0;
			shellPath = /bin/sh;
			shellScript = "diff \"${PODS_PODFILE_DIR_PATH}/Podfile.lock\" \"${PODS_ROOT}/Manifest.lock\" > /dev/null\nif [ $? != 0 ] ; then\n    # print error to STDERR\n    echo \"error: The sandbox is not in sync with the Podfile.lock. Run 'pod install' or update your CocoaPods installation.\" >&2\n    exit 1\nfi\n# This output is used by Xcode 'outputs' to avoid re-running this script phase.\necho \"SUCCESS\" > \"${SCRIPT_OUTPUT_FILE_0}\"\n";
			showEnvVarsInLog = 0;
		};
		C57B27227B40DE1880EE0A18 /* [CP] Embed Pods Frameworks */ = {
			isa = PBXShellScriptBuildPhase;
			buildActionMask = 2147483647;
			files = (
			);
			inputFileListPaths = (
				"${PODS_ROOT}/Target Support Files/Pods-CreditCardList/Pods-CreditCardList-frameworks-${CONFIGURATION}-input-files.xcfilelist",
			);
			name = "[CP] Embed Pods Frameworks";
			outputFileListPaths = (
				"${PODS_ROOT}/Target Support Files/Pods-CreditCardList/Pods-CreditCardList-frameworks-${CONFIGURATION}-output-files.xcfilelist",
			);
			runOnlyForDeploymentPostprocessing = 0;
			shellPath = /bin/sh;
			shellScript = "\"${PODS_ROOT}/Target Support Files/Pods-CreditCardList/Pods-CreditCardList-frameworks.sh\"\n";
			showEnvVarsInLog = 0;
		};
/* End PBXShellScriptBuildPhase section */

/* Begin PBXSourcesBuildPhase section */
		B8C0A0BA282687C90071BA0D /* Sources */ = {
			isa = PBXSourcesBuildPhase;
			buildActionMask = 2147483647;
			files = (
				B8C0A0D82826AFB70071BA0D /* CreditCard.swift in Sources */,
				B8C0A0E22826BBB30071BA0D /* CardDetailViewController.swift in Sources */,
				B8C0A0DF2826B0BC0071BA0D /* CardListCell.swift in Sources */,
				B8C0A0D6282687DF0071BA0D /* CardListViewController.swift in Sources */,
				B87DE198282A961000F3E083 /* CreditCardDummy.swift in Sources */,
				B8C0A0C2282687C90071BA0D /* AppDelegate.swift in Sources */,
				B8C0A0C4282687C90071BA0D /* SceneDelegate.swift in Sources */,
			);
			runOnlyForDeploymentPostprocessing = 0;
		};
/* End PBXSourcesBuildPhase section */

/* Begin PBXVariantGroup section */
		B8C0A0C7282687C90071BA0D /* Main.storyboard */ = {
			isa = PBXVariantGroup;
			children = (
				B8C0A0C8282687C90071BA0D /* Base */,
			);
			name = Main.storyboard;
			sourceTree = "<group>";
		};
		B8C0A0CC282687CB0071BA0D /* LaunchScreen.storyboard */ = {
			isa = PBXVariantGroup;
			children = (
				B8C0A0CD282687CB0071BA0D /* Base */,
			);
			name = LaunchScreen.storyboard;
			sourceTree = "<group>";
		};
/* End PBXVariantGroup section */

/* Begin XCBuildConfiguration section */
		B8C0A0D0282687CB0071BA0D /* Debug */ = {
			isa = XCBuildConfiguration;
			buildSettings = {
				ALWAYS_SEARCH_USER_PATHS = NO;
				CLANG_ANALYZER_NONNULL = YES;
				CLANG_ANALYZER_NUMBER_OBJECT_CONVERSION = YES_AGGRESSIVE;
				CLANG_CXX_LANGUAGE_STANDARD = "gnu++17";
				CLANG_ENABLE_MODULES = YES;
				CLANG_ENABLE_OBJC_ARC = YES;
				CLANG_ENABLE_OBJC_WEAK = YES;
				CLANG_WARN_BLOCK_CAPTURE_AUTORELEASING = YES;
				CLANG_WARN_BOOL_CONVERSION = YES;
				CLANG_WARN_COMMA = YES;
				CLANG_WARN_CONSTANT_CONVERSION = YES;
				CLANG_WARN_DEPRECATED_OBJC_IMPLEMENTATIONS = YES;
				CLANG_WARN_DIRECT_OBJC_ISA_USAGE = YES_ERROR;
				CLANG_WARN_DOCUMENTATION_COMMENTS = YES;
				CLANG_WARN_EMPTY_BODY = YES;
				CLANG_WARN_ENUM_CONVERSION = YES;
				CLANG_WARN_INFINITE_RECURSION = YES;
				CLANG_WARN_INT_CONVERSION = YES;
				CLANG_WARN_NON_LITERAL_NULL_CONVERSION = YES;
				CLANG_WARN_OBJC_IMPLICIT_RETAIN_SELF = YES;
				CLANG_WARN_OBJC_LITERAL_CONVERSION = YES;
				CLANG_WARN_OBJC_ROOT_CLASS = YES_ERROR;
				CLANG_WARN_QUOTED_INCLUDE_IN_FRAMEWORK_HEADER = YES;
				CLANG_WARN_RANGE_LOOP_ANALYSIS = YES;
				CLANG_WARN_STRICT_PROTOTYPES = YES;
				CLANG_WARN_SUSPICIOUS_MOVE = YES;
				CLANG_WARN_UNGUARDED_AVAILABILITY = YES_AGGRESSIVE;
				CLANG_WARN_UNREACHABLE_CODE = YES;
				CLANG_WARN__DUPLICATE_METHOD_MATCH = YES;
				COPY_PHASE_STRIP = NO;
				DEBUG_INFORMATION_FORMAT = dwarf;
				ENABLE_STRICT_OBJC_MSGSEND = YES;
				ENABLE_TESTABILITY = YES;
				GCC_C_LANGUAGE_STANDARD = gnu11;
				GCC_DYNAMIC_NO_PIC = NO;
				GCC_NO_COMMON_BLOCKS = YES;
				GCC_OPTIMIZATION_LEVEL = 0;
				GCC_PREPROCESSOR_DEFINITIONS = (
					"DEBUG=1",
					"$(inherited)",
				);
				GCC_WARN_64_TO_32_BIT_CONVERSION = YES;
				GCC_WARN_ABOUT_RETURN_TYPE = YES_ERROR;
				GCC_WARN_UNDECLARED_SELECTOR = YES;
				GCC_WARN_UNINITIALIZED_AUTOS = YES_AGGRESSIVE;
				GCC_WARN_UNUSED_FUNCTION = YES;
				GCC_WARN_UNUSED_VARIABLE = YES;
				IPHONEOS_DEPLOYMENT_TARGET = 15.4;
				MTL_ENABLE_DEBUG_INFO = INCLUDE_SOURCE;
				MTL_FAST_MATH = YES;
				ONLY_ACTIVE_ARCH = YES;
				SDKROOT = iphoneos;
				SWIFT_ACTIVE_COMPILATION_CONDITIONS = DEBUG;
				SWIFT_OPTIMIZATION_LEVEL = "-Onone";
			};
			name = Debug;
		};
		B8C0A0D1282687CB0071BA0D /* Release */ = {
			isa = XCBuildConfiguration;
			buildSettings = {
				ALWAYS_SEARCH_USER_PATHS = NO;
				CLANG_ANALYZER_NONNULL = YES;
				CLANG_ANALYZER_NUMBER_OBJECT_CONVERSION = YES_AGGRESSIVE;
				CLANG_CXX_LANGUAGE_STANDARD = "gnu++17";
				CLANG_ENABLE_MODULES = YES;
				CLANG_ENABLE_OBJC_ARC = YES;
				CLANG_ENABLE_OBJC_WEAK = YES;
				CLANG_WARN_BLOCK_CAPTURE_AUTORELEASING = YES;
				CLANG_WARN_BOOL_CONVERSION = YES;
				CLANG_WARN_COMMA = YES;
				CLANG_WARN_CONSTANT_CONVERSION = YES;
				CLANG_WARN_DEPRECATED_OBJC_IMPLEMENTATIONS = YES;
				CLANG_WARN_DIRECT_OBJC_ISA_USAGE = YES_ERROR;
				CLANG_WARN_DOCUMENTATION_COMMENTS = YES;
				CLANG_WARN_EMPTY_BODY = YES;
				CLANG_WARN_ENUM_CONVERSION = YES;
				CLANG_WARN_INFINITE_RECURSION = YES;
				CLANG_WARN_INT_CONVERSION = YES;
				CLANG_WARN_NON_LITERAL_NULL_CONVERSION = YES;
				CLANG_WARN_OBJC_IMPLICIT_RETAIN_SELF = YES;
				CLANG_WARN_OBJC_LITERAL_CONVERSION = YES;
				CLANG_WARN_OBJC_ROOT_CLASS = YES_ERROR;
				CLANG_WARN_QUOTED_INCLUDE_IN_FRAMEWORK_HEADER = YES;
				CLANG_WARN_RANGE_LOOP_ANALYSIS = YES;
				CLANG_WARN_STRICT_PROTOTYPES = YES;
				CLANG_WARN_SUSPICIOUS_MOVE = YES;
				CLANG_WARN_UNGUARDED_AVAILABILITY = YES_AGGRESSIVE;
				CLANG_WARN_UNREACHABLE_CODE = YES;
				CLANG_WARN__DUPLICATE_METHOD_MATCH = YES;
				COPY_PHASE_STRIP = NO;
				DEBUG_INFORMATION_FORMAT = "dwarf-with-dsym";
				ENABLE_NS_ASSERTIONS = NO;
				ENABLE_STRICT_OBJC_MSGSEND = YES;
				GCC_C_LANGUAGE_STANDARD = gnu11;
				GCC_NO_COMMON_BLOCKS = YES;
				GCC_WARN_64_TO_32_BIT_CONVERSION = YES;
				GCC_WARN_ABOUT_RETURN_TYPE = YES_ERROR;
				GCC_WARN_UNDECLARED_SELECTOR = YES;
				GCC_WARN_UNINITIALIZED_AUTOS = YES_AGGRESSIVE;
				GCC_WARN_UNUSED_FUNCTION = YES;
				GCC_WARN_UNUSED_VARIABLE = YES;
				IPHONEOS_DEPLOYMENT_TARGET = 15.4;
				MTL_ENABLE_DEBUG_INFO = NO;
				MTL_FAST_MATH = YES;
				SDKROOT = iphoneos;
				SWIFT_COMPILATION_MODE = wholemodule;
				SWIFT_OPTIMIZATION_LEVEL = "-O";
				VALIDATE_PRODUCT = YES;
			};
			name = Release;
		};
		B8C0A0D3282687CB0071BA0D /* Debug */ = {
			isa = XCBuildConfiguration;
			baseConfigurationReference = C3518F99AE29964A5F509D4F /* Pods-CreditCardList.debug.xcconfig */;
			buildSettings = {
				ASSETCATALOG_COMPILER_APPICON_NAME = AppIcon;
				ASSETCATALOG_COMPILER_GLOBAL_ACCENT_COLOR_NAME = AccentColor;
				CODE_SIGN_STYLE = Automatic;
				CURRENT_PROJECT_VERSION = 1;
				DEVELOPMENT_TEAM = 35C3S834CG;
				GENERATE_INFOPLIST_FILE = YES;
				INFOPLIST_FILE = CreditCardList/Info.plist;
				INFOPLIST_KEY_UIApplicationSupportsIndirectInputEvents = YES;
				INFOPLIST_KEY_UILaunchStoryboardName = LaunchScreen;
				INFOPLIST_KEY_UIMainStoryboardFile = Main;
				INFOPLIST_KEY_UISupportedInterfaceOrientations_iPad = "UIInterfaceOrientationPortrait UIInterfaceOrientationPortraitUpsideDown UIInterfaceOrientationLandscapeLeft UIInterfaceOrientationLandscapeRight";
				INFOPLIST_KEY_UISupportedInterfaceOrientations_iPhone = "UIInterfaceOrientationPortrait UIInterfaceOrientationLandscapeLeft UIInterfaceOrientationLandscapeRight";
				LD_RUNPATH_SEARCH_PATHS = (
					"$(inherited)",
					"@executable_path/Frameworks",
				);
				MARKETING_VERSION = 1.0;
				PRODUCT_BUNDLE_IDENTIFIER = kr.co.junotest01.CreditCardList;
				PRODUCT_NAME = "$(TARGET_NAME)";
				SWIFT_EMIT_LOC_STRINGS = YES;
				SWIFT_VERSION = 5.0;
				TARGETED_DEVICE_FAMILY = "1,2";
			};
			name = Debug;
		};
		B8C0A0D4282687CB0071BA0D /* Release */ = {
			isa = XCBuildConfiguration;
			baseConfigurationReference = 07A791A4DD134B880142312D /* Pods-CreditCardList.release.xcconfig */;
			buildSettings = {
				ASSETCATALOG_COMPILER_APPICON_NAME = AppIcon;
				ASSETCATALOG_COMPILER_GLOBAL_ACCENT_COLOR_NAME = AccentColor;
				CODE_SIGN_STYLE = Automatic;
				CURRENT_PROJECT_VERSION = 1;
				DEVELOPMENT_TEAM = 35C3S834CG;
				GENERATE_INFOPLIST_FILE = YES;
				INFOPLIST_FILE = CreditCardList/Info.plist;
				INFOPLIST_KEY_UIApplicationSupportsIndirectInputEvents = YES;
				INFOPLIST_KEY_UILaunchStoryboardName = LaunchScreen;
				INFOPLIST_KEY_UIMainStoryboardFile = Main;
				INFOPLIST_KEY_UISupportedInterfaceOrientations_iPad = "UIInterfaceOrientationPortrait UIInterfaceOrientationPortraitUpsideDown UIInterfaceOrientationLandscapeLeft UIInterfaceOrientationLandscapeRight";
				INFOPLIST_KEY_UISupportedInterfaceOrientations_iPhone = "UIInterfaceOrientationPortrait UIInterfaceOrientationLandscapeLeft UIInterfaceOrientationLandscapeRight";
				LD_RUNPATH_SEARCH_PATHS = (
					"$(inherited)",
					"@executable_path/Frameworks",
				);
				MARKETING_VERSION = 1.0;
				PRODUCT_BUNDLE_IDENTIFIER = kr.co.junotest01.CreditCardList;
				PRODUCT_NAME = "$(TARGET_NAME)";
				SWIFT_EMIT_LOC_STRINGS = YES;
				SWIFT_VERSION = 5.0;
				TARGETED_DEVICE_FAMILY = "1,2";
			};
			name = Release;
		};
/* End XCBuildConfiguration section */

/* Begin XCConfigurationList section */
		B8C0A0B9282687C90071BA0D /* Build configuration list for PBXProject "CreditCardList" */ = {
			isa = XCConfigurationList;
			buildConfigurations = (
				B8C0A0D0282687CB0071BA0D /* Debug */,
				B8C0A0D1282687CB0071BA0D /* Release */,
			);
			defaultConfigurationIsVisible = 0;
			defaultConfigurationName = Release;
		};
		B8C0A0D2282687CB0071BA0D /* Build configuration list for PBXNativeTarget "CreditCardList" */ = {
			isa = XCConfigurationList;
			buildConfigurations = (
				B8C0A0D3282687CB0071BA0D /* Debug */,
				B8C0A0D4282687CB0071BA0D /* Release */,
			);
			defaultConfigurationIsVisible = 0;
			defaultConfigurationName = Release;
		};
/* End XCConfigurationList section */
	};
	rootObject = B8C0A0B6282687C90071BA0D /* Project object */;
}
